<?xml version="1.0" encoding="UTF-8" standalone="yes" ?>
<CodeBlocks_project_file>
   <FileVersion major="1" minor="6" />
   <Project>
      <Option title="CDRParser" />
      <Option makefile_is_custom="1" />
      <Option compiler="gcc" />
      <Option virtualFolders="CMake Files\;" />
      <Build>
      <Target title="all">
         <Option working_dir="/home/oleg/projects/PGW_aggregation/CDRParser/build-CDRParser-Desktop-Default" />
         <Option type="4" />
         <MakeCommands>
            <Build command="/usr/bin/make -f &quot;/home/oleg/projects/PGW_aggregation/CDRParser/build-CDRParser-Desktop-Default/Makefile&quot;  VERBOSE=1 all" />
            <CompileFile command="/usr/bin/make -f &quot;/home/oleg/projects/PGW_aggregation/CDRParser/build-CDRParser-Desktop-Default/Makefile&quot;  VERBOSE=1 &quot;$file&quot;" />
            <Clean command="/usr/bin/make -f &quot;/home/oleg/projects/PGW_aggregation/CDRParser/build-CDRParser-Desktop-Default/Makefile&quot;  VERBOSE=1 clean" />
            <DistClean command="/usr/bin/make -f &quot;/home/oleg/projects/PGW_aggregation/CDRParser/build-CDRParser-Desktop-Default/Makefile&quot;  VERBOSE=1 clean" />
         </MakeCommands>
      </Target>
      <Target title="edit_cache">
         <Option working_dir="/home/oleg/projects/PGW_aggregation/CDRParser/build-CDRParser-Desktop-Default" />
         <Option type="4" />
         <MakeCommands>
            <Build command="/usr/bin/make -f &quot;/home/oleg/projects/PGW_aggregation/CDRParser/build-CDRParser-Desktop-Default/Makefile&quot;  VERBOSE=1 edit_cache" />
            <CompileFile command="/usr/bin/make -f &quot;/home/oleg/projects/PGW_aggregation/CDRParser/build-CDRParser-Desktop-Default/Makefile&quot;  VERBOSE=1 &quot;$file&quot;" />
            <Clean command="/usr/bin/make -f &quot;/home/oleg/projects/PGW_aggregation/CDRParser/build-CDRParser-Desktop-Default/Makefile&quot;  VERBOSE=1 clean" />
            <DistClean command="/usr/bin/make -f &quot;/home/oleg/projects/PGW_aggregation/CDRParser/build-CDRParser-Desktop-Default/Makefile&quot;  VERBOSE=1 clean" />
         </MakeCommands>
      </Target>
      <Target title="rebuild_cache">
         <Option working_dir="/home/oleg/projects/PGW_aggregation/CDRParser/build-CDRParser-Desktop-Default" />
         <Option type="4" />
         <MakeCommands>
            <Build command="/usr/bin/make -f &quot;/home/oleg/projects/PGW_aggregation/CDRParser/build-CDRParser-Desktop-Default/Makefile&quot;  VERBOSE=1 rebuild_cache" />
            <CompileFile command="/usr/bin/make -f &quot;/home/oleg/projects/PGW_aggregation/CDRParser/build-CDRParser-Desktop-Default/Makefile&quot;  VERBOSE=1 &quot;$file&quot;" />
            <Clean command="/usr/bin/make -f &quot;/home/oleg/projects/PGW_aggregation/CDRParser/build-CDRParser-Desktop-Default/Makefile&quot;  VERBOSE=1 clean" />
            <DistClean command="/usr/bin/make -f &quot;/home/oleg/projects/PGW_aggregation/CDRParser/build-CDRParser-Desktop-Default/Makefile&quot;  VERBOSE=1 clean" />
         </MakeCommands>
      </Target>
      <Target title="CDRParser">
         <Option output="/home/oleg/projects/PGW_aggregation/CDRParser/build-CDRParser-Desktop-Default/CDRParser" prefix_auto="0" extension_auto="0" />
         <Option working_dir="/home/oleg/projects/PGW_aggregation/CDRParser/build-CDRParser-Desktop-Default" />
         <Option object_output="./" />
         <Option type="1" />
         <Option compiler="gcc" />
         <Compiler>
            <Add directory="/home/oleg/projects/PGW_aggregation/ASN2" />
            <Add directory="/home/oleg/projects/PGW_aggregation/ASN2/skeletons" />
            <Add directory="/home/oleg/projects/PGW_aggregation/CDRParser/CDRParser/../../Common" />
            <Add directory="/usr/include" />
            <Add directory="/usr/include/c++/4.8" />
            <Add directory="/usr/include/c++/4.8/backward" />
            <Add directory="/usr/include/x86_64-linux-gnu" />
            <Add directory="/usr/include/x86_64-linux-gnu/c++/4.8" />
            <Add directory="/usr/lib/gcc/x86_64-linux-gnu/4.8/include" />
            <Add directory="/usr/lib/gcc/x86_64-linux-gnu/4.8/include-fixed" />
            <Add directory="/usr/local/include" />
         </Compiler>
         <MakeCommands>
            <Build command="/usr/bin/make -f &quot;/home/oleg/projects/PGW_aggregation/CDRParser/build-CDRParser-Desktop-Default/Makefile&quot;  VERBOSE=1 CDRParser" />
            <CompileFile command="/usr/bin/make -f &quot;/home/oleg/projects/PGW_aggregation/CDRParser/build-CDRParser-Desktop-Default/Makefile&quot;  VERBOSE=1 &quot;$file&quot;" />
            <Clean command="/usr/bin/make -f &quot;/home/oleg/projects/PGW_aggregation/CDRParser/build-CDRParser-Desktop-Default/Makefile&quot;  VERBOSE=1 clean" />
            <DistClean command="/usr/bin/make -f &quot;/home/oleg/projects/PGW_aggregation/CDRParser/build-CDRParser-Desktop-Default/Makefile&quot;  VERBOSE=1 clean" />
         </MakeCommands>
      </Target>
      <Target title="CDRParser/fast">
         <Option output="/home/oleg/projects/PGW_aggregation/CDRParser/build-CDRParser-Desktop-Default/CDRParser" prefix_auto="0" extension_auto="0" />
         <Option working_dir="/home/oleg/projects/PGW_aggregation/CDRParser/build-CDRParser-Desktop-Default" />
         <Option object_output="./" />
         <Option type="1" />
         <Option compiler="gcc" />
         <Compiler>
            <Add directory="/home/oleg/projects/PGW_aggregation/ASN2" />
            <Add directory="/home/oleg/projects/PGW_aggregation/ASN2/skeletons" />
            <Add directory="/home/oleg/projects/PGW_aggregation/CDRParser/CDRParser/../../Common" />
            <Add directory="/usr/include" />
            <Add directory="/usr/include/c++/4.8" />
            <Add directory="/usr/include/c++/4.8/backward" />
            <Add directory="/usr/include/x86_64-linux-gnu" />
            <Add directory="/usr/include/x86_64-linux-gnu/c++/4.8" />
            <Add directory="/usr/lib/gcc/x86_64-linux-gnu/4.8/include" />
            <Add directory="/usr/lib/gcc/x86_64-linux-gnu/4.8/include-fixed" />
            <Add directory="/usr/local/include" />
         </Compiler>
         <MakeCommands>
            <Build command="/usr/bin/make -f &quot;/home/oleg/projects/PGW_aggregation/CDRParser/build-CDRParser-Desktop-Default/Makefile&quot;  VERBOSE=1 CDRParser/fast" />
            <CompileFile command="/usr/bin/make -f &quot;/home/oleg/projects/PGW_aggregation/CDRParser/build-CDRParser-Desktop-Default/Makefile&quot;  VERBOSE=1 &quot;$file&quot;" />
            <Clean command="/usr/bin/make -f &quot;/home/oleg/projects/PGW_aggregation/CDRParser/build-CDRParser-Desktop-Default/Makefile&quot;  VERBOSE=1 clean" />
            <DistClean command="/usr/bin/make -f &quot;/home/oleg/projects/PGW_aggregation/CDRParser/build-CDRParser-Desktop-Default/Makefile&quot;  VERBOSE=1 clean" />
         </MakeCommands>
      </Target>
      </Build>
      <Unit filename="/home/oleg/projects/PGW_aggregation/ASN2/AFChargingIdentifier.c">
      </Unit>
      <Unit filename="/home/oleg/projects/PGW_aggregation/ASN2/AFRecordInformation.c">
      </Unit>
      <Unit filename="/home/oleg/projects/PGW_aggregation/ASN2/APNSelectionMode.c">
      </Unit>
      <Unit filename="/home/oleg/projects/PGW_aggregation/ASN2/AccessPointNameNI.c">
      </Unit>
      <Unit filename="/home/oleg/projects/PGW_aggregation/ASN2/AccessPointNameOI.c">
      </Unit>
      <Unit filename="/home/oleg/projects/PGW_aggregation/ASN2/AddressString.c">
      </Unit>
      <Unit filename="/home/oleg/projects/PGW_aggregation/ASN2/BCDDirectoryNumber.c">
      </Unit>
      <Unit filename="/home/oleg/projects/PGW_aggregation/ASN2/CAMELAccessPointNameNI.c">
      </Unit>
      <Unit filename="/home/oleg/projects/PGW_aggregation/ASN2/CAMELAccessPointNameOI.c">
      </Unit>
      <Unit filename="/home/oleg/projects/PGW_aggregation/ASN2/CAMELInformationMM.c">
      </Unit>
      <Unit filename="/home/oleg/projects/PGW_aggregation/ASN2/CAMELInformationPDP.c">
      </Unit>
      <Unit filename="/home/oleg/projects/PGW_aggregation/ASN2/CAMELInformationSMS.c">
      </Unit>
      <Unit filename="/home/oleg/projects/PGW_aggregation/ASN2/CSGAccessMode.c">
      </Unit>
      <Unit filename="/home/oleg/projects/PGW_aggregation/ASN2/CSGId.c">
      </Unit>
      <Unit filename="/home/oleg/projects/PGW_aggregation/ASN2/CTEID.c">
      </Unit>
      <Unit filename="/home/oleg/projects/PGW_aggregation/ASN2/CallDuration.c">
      </Unit>
      <Unit filename="/home/oleg/projects/PGW_aggregation/ASN2/CallReferenceNumber.c">
      </Unit>
      <Unit filename="/home/oleg/projects/PGW_aggregation/ASN2/CalledNumber.c">
      </Unit>
      <Unit filename="/home/oleg/projects/PGW_aggregation/ASN2/CallingNumber.c">
      </Unit>
      <Unit filename="/home/oleg/projects/PGW_aggregation/ASN2/CauseForRecClosing.c">
      </Unit>
      <Unit filename="/home/oleg/projects/PGW_aggregation/ASN2/CellId.c">
      </Unit>
      <Unit filename="/home/oleg/projects/PGW_aggregation/ASN2/ChChSelectionMode.c">
      </Unit>
      <Unit filename="/home/oleg/projects/PGW_aggregation/ASN2/ChangeCondition.c">
      </Unit>
      <Unit filename="/home/oleg/projects/PGW_aggregation/ASN2/ChangeLocation.c">
      </Unit>
      <Unit filename="/home/oleg/projects/PGW_aggregation/ASN2/ChangeOfCharCondition.c">
      </Unit>
      <Unit filename="/home/oleg/projects/PGW_aggregation/ASN2/ChangeOfMBMSCondition.c">
      </Unit>
      <Unit filename="/home/oleg/projects/PGW_aggregation/ASN2/ChangeOfServiceCondition.c">
      </Unit>
      <Unit filename="/home/oleg/projects/PGW_aggregation/ASN2/ChargingCharacteristics.c">
      </Unit>
      <Unit filename="/home/oleg/projects/PGW_aggregation/ASN2/ChargingID.c">
      </Unit>
      <Unit filename="/home/oleg/projects/PGW_aggregation/ASN2/ChargingRuleBaseName.c">
      </Unit>
      <Unit filename="/home/oleg/projects/PGW_aggregation/ASN2/DataVolumeGPRS.c">
      </Unit>
      <Unit filename="/home/oleg/projects/PGW_aggregation/ASN2/DataVolumeMBMS.c">
      </Unit>
      <Unit filename="/home/oleg/projects/PGW_aggregation/ASN2/DefaultGPRS-Handling.c">
      </Unit>
      <Unit filename="/home/oleg/projects/PGW_aggregation/ASN2/DefaultSMS-Handling.c">
      </Unit>
      <Unit filename="/home/oleg/projects/PGW_aggregation/ASN2/Diagnostics.c">
      </Unit>
      <Unit filename="/home/oleg/projects/PGW_aggregation/ASN2/DiameterIdentity.c">
      </Unit>
      <Unit filename="/home/oleg/projects/PGW_aggregation/ASN2/DynamicAddressFlag.c">
      </Unit>
      <Unit filename="/home/oleg/projects/PGW_aggregation/ASN2/EPCQoSInformation.c">
      </Unit>
      <Unit filename="/home/oleg/projects/PGW_aggregation/ASN2/EventBasedChargingInformation.c">
      </Unit>
      <Unit filename="/home/oleg/projects/PGW_aggregation/ASN2/FFDAppendIndicator.c">
      </Unit>
      <Unit filename="/home/oleg/projects/PGW_aggregation/ASN2/FailureHandlingContinue.c">
      </Unit>
      <Unit filename="/home/oleg/projects/PGW_aggregation/ASN2/Flows.c">
      </Unit>
      <Unit filename="/home/oleg/projects/PGW_aggregation/ASN2/FreeFormatData.c">
      </Unit>
      <Unit filename="/home/oleg/projects/PGW_aggregation/ASN2/GPRSRecord.c">
      </Unit>
      <Unit filename="/home/oleg/projects/PGW_aggregation/ASN2/GSNAddress.c">
      </Unit>
      <Unit filename="/home/oleg/projects/PGW_aggregation/ASN2/IMEI.c">
      </Unit>
      <Unit filename="/home/oleg/projects/PGW_aggregation/ASN2/IMSI.c">
      </Unit>
      <Unit filename="/home/oleg/projects/PGW_aggregation/ASN2/IPAddress.c">
      </Unit>
      <Unit filename="/home/oleg/projects/PGW_aggregation/ASN2/IPBinV4Address.c">
      </Unit>
      <Unit filename="/home/oleg/projects/PGW_aggregation/ASN2/IPBinV6Address.c">
      </Unit>
      <Unit filename="/home/oleg/projects/PGW_aggregation/ASN2/IPBinV6AddressWithOrWithoutPrefixLength.c">
      </Unit>
      <Unit filename="/home/oleg/projects/PGW_aggregation/ASN2/IPBinV6AddressWithPrefixLength.c">
      </Unit>
      <Unit filename="/home/oleg/projects/PGW_aggregation/ASN2/IPBinaryAddress.c">
      </Unit>
      <Unit filename="/home/oleg/projects/PGW_aggregation/ASN2/IPTextRepresentedAddress.c">
      </Unit>
      <Unit filename="/home/oleg/projects/PGW_aggregation/ASN2/ISDN-AddressString.c">
      </Unit>
      <Unit filename="/home/oleg/projects/PGW_aggregation/ASN2/LCSCause.c">
      </Unit>
      <Unit filename="/home/oleg/projects/PGW_aggregation/ASN2/LevelOfCAMELService.c">
      </Unit>
      <Unit filename="/home/oleg/projects/PGW_aggregation/ASN2/LocalSequenceNumber.c">
      </Unit>
      <Unit filename="/home/oleg/projects/PGW_aggregation/ASN2/LocationAreaAndCell.c">
      </Unit>
      <Unit filename="/home/oleg/projects/PGW_aggregation/ASN2/LocationAreaCode.c">
      </Unit>
      <Unit filename="/home/oleg/projects/PGW_aggregation/ASN2/LocationMethod.c">
      </Unit>
      <Unit filename="/home/oleg/projects/PGW_aggregation/ASN2/MCC-MNC.c">
      </Unit>
      <Unit filename="/home/oleg/projects/PGW_aggregation/ASN2/MSISDN.c">
      </Unit>
      <Unit filename="/home/oleg/projects/PGW_aggregation/ASN2/MSNetworkCapability.c">
      </Unit>
      <Unit filename="/home/oleg/projects/PGW_aggregation/ASN2/MSTimeZone.c">
      </Unit>
      <Unit filename="/home/oleg/projects/PGW_aggregation/ASN2/ManagementExtension.c">
      </Unit>
      <Unit filename="/home/oleg/projects/PGW_aggregation/ASN2/ManagementExtensions.c">
      </Unit>
      <Unit filename="/home/oleg/projects/PGW_aggregation/ASN2/MessageReference.c">
      </Unit>
      <Unit filename="/home/oleg/projects/PGW_aggregation/ASN2/NetworkInitiatedPDPContext.c">
      </Unit>
      <Unit filename="/home/oleg/projects/PGW_aggregation/ASN2/NodeID.c">
      </Unit>
      <Unit filename="/home/oleg/projects/PGW_aggregation/ASN2/NumberOfDPEncountered.c">
      </Unit>
      <Unit filename="/home/oleg/projects/PGW_aggregation/ASN2/PDPAddress.c">
      </Unit>
      <Unit filename="/home/oleg/projects/PGW_aggregation/ASN2/PDPAddressPrefixLength.c">
      </Unit>
      <Unit filename="/home/oleg/projects/PGW_aggregation/ASN2/PDPType.c">
      </Unit>
      <Unit filename="/home/oleg/projects/PGW_aggregation/ASN2/PGWRecord.c">
      </Unit>
      <Unit filename="/home/oleg/projects/PGW_aggregation/ASN2/PLMN-Id.c">
      </Unit>
      <Unit filename="/home/oleg/projects/PGW_aggregation/ASN2/PSFurnishChargingInformation.c">
      </Unit>
      <Unit filename="/home/oleg/projects/PGW_aggregation/ASN2/PositionMethodFailure-Diagnostic.c">
      </Unit>
      <Unit filename="/home/oleg/projects/PGW_aggregation/ASN2/PositioningData.c">
      </Unit>
      <Unit filename="/home/oleg/projects/PGW_aggregation/ASN2/QoSInformation.c">
      </Unit>
      <Unit filename="/home/oleg/projects/PGW_aggregation/ASN2/RAIdentity.c">
      </Unit>
      <Unit filename="/home/oleg/projects/PGW_aggregation/ASN2/RATType.c">
      </Unit>
      <Unit filename="/home/oleg/projects/PGW_aggregation/ASN2/RatingGroupId.c">
      </Unit>
      <Unit filename="/home/oleg/projects/PGW_aggregation/ASN2/RecordType.c">
      </Unit>
      <Unit filename="/home/oleg/projects/PGW_aggregation/ASN2/RecordingEntity.c">
      </Unit>
      <Unit filename="/home/oleg/projects/PGW_aggregation/ASN2/ResultCode.c">
      </Unit>
      <Unit filename="/home/oleg/projects/PGW_aggregation/ASN2/RoutingAreaCode.c">
      </Unit>
      <Unit filename="/home/oleg/projects/PGW_aggregation/ASN2/SCFAddress.c">
      </Unit>
      <Unit filename="/home/oleg/projects/PGW_aggregation/ASN2/SGSNChange.c">
      </Unit>
      <Unit filename="/home/oleg/projects/PGW_aggregation/ASN2/SGWChange.c">
      </Unit>
      <Unit filename="/home/oleg/projects/PGW_aggregation/ASN2/SMSResult.c">
      </Unit>
      <Unit filename="/home/oleg/projects/PGW_aggregation/ASN2/ServiceConditionChange.c">
      </Unit>
      <Unit filename="/home/oleg/projects/PGW_aggregation/ASN2/ServiceIdentifier.c">
      </Unit>
      <Unit filename="/home/oleg/projects/PGW_aggregation/ASN2/ServiceKey.c">
      </Unit>
      <Unit filename="/home/oleg/projects/PGW_aggregation/ASN2/ServiceSpecificInfo.c">
      </Unit>
      <Unit filename="/home/oleg/projects/PGW_aggregation/ASN2/ServingNodeType.c">
      </Unit>
      <Unit filename="/home/oleg/projects/PGW_aggregation/ASN2/SmsTpDestinationNumber.c">
      </Unit>
      <Unit filename="/home/oleg/projects/PGW_aggregation/ASN2/SubscriptionID.c">
      </Unit>
      <Unit filename="/home/oleg/projects/PGW_aggregation/ASN2/SubscriptionIDType.c">
      </Unit>
      <Unit filename="/home/oleg/projects/PGW_aggregation/ASN2/TBCD-STRING.c">
      </Unit>
      <Unit filename="/home/oleg/projects/PGW_aggregation/ASN2/TWANUserLocationInfo.c">
      </Unit>
      <Unit filename="/home/oleg/projects/PGW_aggregation/ASN2/TimeQuotaMechanism.c">
      </Unit>
      <Unit filename="/home/oleg/projects/PGW_aggregation/ASN2/TimeQuotaType.c">
      </Unit>
      <Unit filename="/home/oleg/projects/PGW_aggregation/ASN2/TimeStamp.c">
      </Unit>
      <Unit filename="/home/oleg/projects/PGW_aggregation/ASN2/UnauthorizedLCSClient-Diagnostic.c">
      </Unit>
      <Unit filename="/home/oleg/projects/PGW_aggregation/ASN2/UserCSGInformation.c">
      </Unit>
      <Unit filename="/home/oleg/projects/PGW_aggregation/ASN2/skeletons/ANY.c">
      </Unit>
      <Unit filename="/home/oleg/projects/PGW_aggregation/ASN2/skeletons/BIT_STRING.c">
      </Unit>
      <Unit filename="/home/oleg/projects/PGW_aggregation/ASN2/skeletons/BMPString.c">
      </Unit>
      <Unit filename="/home/oleg/projects/PGW_aggregation/ASN2/skeletons/BOOLEAN.c">
      </Unit>
      <Unit filename="/home/oleg/projects/PGW_aggregation/ASN2/skeletons/ENUMERATED.c">
      </Unit>
      <Unit filename="/home/oleg/projects/PGW_aggregation/ASN2/skeletons/GeneralString.c">
      </Unit>
      <Unit filename="/home/oleg/projects/PGW_aggregation/ASN2/skeletons/GeneralizedTime.c">
      </Unit>
      <Unit filename="/home/oleg/projects/PGW_aggregation/ASN2/skeletons/GraphicString.c">
      </Unit>
      <Unit filename="/home/oleg/projects/PGW_aggregation/ASN2/skeletons/IA5String.c">
      </Unit>
      <Unit filename="/home/oleg/projects/PGW_aggregation/ASN2/skeletons/INTEGER.c">
      </Unit>
      <Unit filename="/home/oleg/projects/PGW_aggregation/ASN2/skeletons/ISO646String.c">
      </Unit>
      <Unit filename="/home/oleg/projects/PGW_aggregation/ASN2/skeletons/NULL.c">
      </Unit>
      <Unit filename="/home/oleg/projects/PGW_aggregation/ASN2/skeletons/NativeEnumerated.c">
      </Unit>
      <Unit filename="/home/oleg/projects/PGW_aggregation/ASN2/skeletons/NativeInteger.c">
      </Unit>
      <Unit filename="/home/oleg/projects/PGW_aggregation/ASN2/skeletons/NativeReal.c">
      </Unit>
      <Unit filename="/home/oleg/projects/PGW_aggregation/ASN2/skeletons/NumericString.c">
      </Unit>
      <Unit filename="/home/oleg/projects/PGW_aggregation/ASN2/skeletons/OBJECT_IDENTIFIER.c">
      </Unit>
      <Unit filename="/home/oleg/projects/PGW_aggregation/ASN2/skeletons/OCTET_STRING.c">
      </Unit>
      <Unit filename="/home/oleg/projects/PGW_aggregation/ASN2/skeletons/ObjectDescriptor.c">
      </Unit>
      <Unit filename="/home/oleg/projects/PGW_aggregation/ASN2/skeletons/PrintableString.c">
      </Unit>
      <Unit filename="/home/oleg/projects/PGW_aggregation/ASN2/skeletons/REAL.c">
      </Unit>
      <Unit filename="/home/oleg/projects/PGW_aggregation/ASN2/skeletons/RELATIVE-OID.c">
      </Unit>
      <Unit filename="/home/oleg/projects/PGW_aggregation/ASN2/skeletons/T61String.c">
      </Unit>
      <Unit filename="/home/oleg/projects/PGW_aggregation/ASN2/skeletons/TeletexString.c">
      </Unit>
      <Unit filename="/home/oleg/projects/PGW_aggregation/ASN2/skeletons/UTCTime.c">
      </Unit>
      <Unit filename="/home/oleg/projects/PGW_aggregation/ASN2/skeletons/UTF8String.c">
      </Unit>
      <Unit filename="/home/oleg/projects/PGW_aggregation/ASN2/skeletons/UniversalString.c">
      </Unit>
      <Unit filename="/home/oleg/projects/PGW_aggregation/ASN2/skeletons/VideotexString.c">
      </Unit>
      <Unit filename="/home/oleg/projects/PGW_aggregation/ASN2/skeletons/VisibleString.c">
      </Unit>
      <Unit filename="/home/oleg/projects/PGW_aggregation/ASN2/skeletons/asn_SEQUENCE_OF.c">
      </Unit>
      <Unit filename="/home/oleg/projects/PGW_aggregation/ASN2/skeletons/asn_SET_OF.c">
      </Unit>
      <Unit filename="/home/oleg/projects/PGW_aggregation/ASN2/skeletons/asn_codecs_prim.c">
      </Unit>
      <Unit filename="/home/oleg/projects/PGW_aggregation/ASN2/skeletons/ber_decoder.c">
      </Unit>
      <Unit filename="/home/oleg/projects/PGW_aggregation/ASN2/skeletons/ber_tlv_length.c">
      </Unit>
      <Unit filename="/home/oleg/projects/PGW_aggregation/ASN2/skeletons/ber_tlv_tag.c">
      </Unit>
      <Unit filename="/home/oleg/projects/PGW_aggregation/ASN2/skeletons/constr_CHOICE.c">
      </Unit>
      <Unit filename="/home/oleg/projects/PGW_aggregation/ASN2/skeletons/constr_SEQUENCE.c">
      </Unit>
      <Unit filename="/home/oleg/projects/PGW_aggregation/ASN2/skeletons/constr_SEQUENCE_OF.c">
      </Unit>
      <Unit filename="/home/oleg/projects/PGW_aggregation/ASN2/skeletons/constr_SET.c">
      </Unit>
      <Unit filename="/home/oleg/projects/PGW_aggregation/ASN2/skeletons/constr_SET_OF.c">
      </Unit>
      <Unit filename="/home/oleg/projects/PGW_aggregation/ASN2/skeletons/constr_TYPE.c">
      </Unit>
      <Unit filename="/home/oleg/projects/PGW_aggregation/ASN2/skeletons/constraints.c">
      </Unit>
      <Unit filename="/home/oleg/projects/PGW_aggregation/ASN2/skeletons/der_encoder.c">
      </Unit>
      <Unit filename="/home/oleg/projects/PGW_aggregation/ASN2/skeletons/per_decoder.c">
      </Unit>
      <Unit filename="/home/oleg/projects/PGW_aggregation/ASN2/skeletons/per_encoder.c">
      </Unit>
      <Unit filename="/home/oleg/projects/PGW_aggregation/ASN2/skeletons/per_opentype.c">
      </Unit>
      <Unit filename="/home/oleg/projects/PGW_aggregation/ASN2/skeletons/per_support.c">
      </Unit>
      <Unit filename="/home/oleg/projects/PGW_aggregation/ASN2/skeletons/xer_decoder.c">
      </Unit>
      <Unit filename="/home/oleg/projects/PGW_aggregation/ASN2/skeletons/xer_encoder.c">
      </Unit>
      <Unit filename="/home/oleg/projects/PGW_aggregation/ASN2/skeletons/xer_support.c">
      </Unit>
      <Unit filename="/home/oleg/projects/PGW_aggregation/CDRParser/CDRParser/main.cpp">
      </Unit>
      <Unit filename="/home/oleg/projects/PGW_aggregation/ASN2/AFChargingIdentifier.h">
      </Unit>
      <Unit filename="/home/oleg/projects/PGW_aggregation/ASN2/AFRecordInformation.h">
      </Unit>
      <Unit filename="/home/oleg/projects/PGW_aggregation/ASN2/APNSelectionMode.h">
      </Unit>
      <Unit filename="/home/oleg/projects/PGW_aggregation/ASN2/AccessPointNameNI.h">
      </Unit>
      <Unit filename="/home/oleg/projects/PGW_aggregation/ASN2/AccessPointNameOI.h">
      </Unit>
      <Unit filename="/home/oleg/projects/PGW_aggregation/ASN2/AddressString.h">
      </Unit>
      <Unit filename="/home/oleg/projects/PGW_aggregation/ASN2/BCDDirectoryNumber.h">
      </Unit>
      <Unit filename="/home/oleg/projects/PGW_aggregation/ASN2/CAMELAccessPointNameNI.h">
      </Unit>
      <Unit filename="/home/oleg/projects/PGW_aggregation/ASN2/CAMELAccessPointNameOI.h">
      </Unit>
      <Unit filename="/home/oleg/projects/PGW_aggregation/ASN2/CAMELInformationMM.h">
      </Unit>
      <Unit filename="/home/oleg/projects/PGW_aggregation/ASN2/CAMELInformationPDP.h">
      </Unit>
      <Unit filename="/home/oleg/projects/PGW_aggregation/ASN2/CAMELInformationSMS.h">
      </Unit>
      <Unit filename="/home/oleg/projects/PGW_aggregation/ASN2/CSGAccessMode.h">
      </Unit>
      <Unit filename="/home/oleg/projects/PGW_aggregation/ASN2/CSGId.h">
      </Unit>
      <Unit filename="/home/oleg/projects/PGW_aggregation/ASN2/CTEID.h">
      </Unit>
      <Unit filename="/home/oleg/projects/PGW_aggregation/ASN2/CallDuration.h">
      </Unit>
      <Unit filename="/home/oleg/projects/PGW_aggregation/ASN2/CallReferenceNumber.h">
      </Unit>
      <Unit filename="/home/oleg/projects/PGW_aggregation/ASN2/CalledNumber.h">
      </Unit>
      <Unit filename="/home/oleg/projects/PGW_aggregation/ASN2/CallingNumber.h">
      </Unit>
      <Unit filename="/home/oleg/projects/PGW_aggregation/ASN2/CauseForRecClosing.h">
      </Unit>
      <Unit filename="/home/oleg/projects/PGW_aggregation/ASN2/CellId.h">
      </Unit>
      <Unit filename="/home/oleg/projects/PGW_aggregation/ASN2/ChChSelectionMode.h">
      </Unit>
      <Unit filename="/home/oleg/projects/PGW_aggregation/ASN2/ChangeCondition.h">
      </Unit>
      <Unit filename="/home/oleg/projects/PGW_aggregation/ASN2/ChangeLocation.h">
      </Unit>
      <Unit filename="/home/oleg/projects/PGW_aggregation/ASN2/ChangeOfCharCondition.h">
      </Unit>
      <Unit filename="/home/oleg/projects/PGW_aggregation/ASN2/ChangeOfMBMSCondition.h">
      </Unit>
      <Unit filename="/home/oleg/projects/PGW_aggregation/ASN2/ChangeOfServiceCondition.h">
      </Unit>
      <Unit filename="/home/oleg/projects/PGW_aggregation/ASN2/ChargingCharacteristics.h">
      </Unit>
      <Unit filename="/home/oleg/projects/PGW_aggregation/ASN2/ChargingID.h">
      </Unit>
      <Unit filename="/home/oleg/projects/PGW_aggregation/ASN2/ChargingRuleBaseName.h">
      </Unit>
      <Unit filename="/home/oleg/projects/PGW_aggregation/ASN2/DataVolumeGPRS.h">
      </Unit>
      <Unit filename="/home/oleg/projects/PGW_aggregation/ASN2/DataVolumeMBMS.h">
      </Unit>
      <Unit filename="/home/oleg/projects/PGW_aggregation/ASN2/DefaultGPRS-Handling.h">
      </Unit>
      <Unit filename="/home/oleg/projects/PGW_aggregation/ASN2/DefaultSMS-Handling.h">
      </Unit>
      <Unit filename="/home/oleg/projects/PGW_aggregation/ASN2/Diagnostics.h">
      </Unit>
      <Unit filename="/home/oleg/projects/PGW_aggregation/ASN2/DiameterIdentity.h">
      </Unit>
      <Unit filename="/home/oleg/projects/PGW_aggregation/ASN2/DynamicAddressFlag.h">
      </Unit>
      <Unit filename="/home/oleg/projects/PGW_aggregation/ASN2/EPCQoSInformation.h">
      </Unit>
      <Unit filename="/home/oleg/projects/PGW_aggregation/ASN2/EventBasedChargingInformation.h">
      </Unit>
      <Unit filename="/home/oleg/projects/PGW_aggregation/ASN2/FFDAppendIndicator.h">
      </Unit>
      <Unit filename="/home/oleg/projects/PGW_aggregation/ASN2/FailureHandlingContinue.h">
      </Unit>
      <Unit filename="/home/oleg/projects/PGW_aggregation/ASN2/Flows.h">
      </Unit>
      <Unit filename="/home/oleg/projects/PGW_aggregation/ASN2/FreeFormatData.h">
      </Unit>
      <Unit filename="/home/oleg/projects/PGW_aggregation/ASN2/GPRSRecord.h">
      </Unit>
      <Unit filename="/home/oleg/projects/PGW_aggregation/ASN2/GSNAddress.h">
      </Unit>
      <Unit filename="/home/oleg/projects/PGW_aggregation/ASN2/IMEI.h">
      </Unit>
      <Unit filename="/home/oleg/projects/PGW_aggregation/ASN2/IMSI.h">
      </Unit>
      <Unit filename="/home/oleg/projects/PGW_aggregation/ASN2/IPAddress.h">
      </Unit>
      <Unit filename="/home/oleg/projects/PGW_aggregation/ASN2/IPBinV4Address.h">
      </Unit>
      <Unit filename="/home/oleg/projects/PGW_aggregation/ASN2/IPBinV6Address.h">
      </Unit>
      <Unit filename="/home/oleg/projects/PGW_aggregation/ASN2/IPBinV6AddressWithOrWithoutPrefixLength.h">
      </Unit>
      <Unit filename="/home/oleg/projects/PGW_aggregation/ASN2/IPBinV6AddressWithPrefixLength.h">
      </Unit>
      <Unit filename="/home/oleg/projects/PGW_aggregation/ASN2/IPBinaryAddress.h">
      </Unit>
      <Unit filename="/home/oleg/projects/PGW_aggregation/ASN2/IPTextRepresentedAddress.h">
      </Unit>
      <Unit filename="/home/oleg/projects/PGW_aggregation/ASN2/ISDN-AddressString.h">
      </Unit>
      <Unit filename="/home/oleg/projects/PGW_aggregation/ASN2/LCSCause.h">
      </Unit>
      <Unit filename="/home/oleg/projects/PGW_aggregation/ASN2/LevelOfCAMELService.h">
      </Unit>
      <Unit filename="/home/oleg/projects/PGW_aggregation/ASN2/LocalSequenceNumber.h">
      </Unit>
      <Unit filename="/home/oleg/projects/PGW_aggregation/ASN2/LocationAreaAndCell.h">
      </Unit>
      <Unit filename="/home/oleg/projects/PGW_aggregation/ASN2/LocationAreaCode.h">
      </Unit>
      <Unit filename="/home/oleg/projects/PGW_aggregation/ASN2/LocationMethod.h">
      </Unit>
      <Unit filename="/home/oleg/projects/PGW_aggregation/ASN2/MCC-MNC.h">
      </Unit>
      <Unit filename="/home/oleg/projects/PGW_aggregation/ASN2/MSISDN.h">
      </Unit>
      <Unit filename="/home/oleg/projects/PGW_aggregation/ASN2/MSNetworkCapability.h">
      </Unit>
      <Unit filename="/home/oleg/projects/PGW_aggregation/ASN2/MSTimeZone.h">
      </Unit>
      <Unit filename="/home/oleg/projects/PGW_aggregation/ASN2/ManagementExtension.h">
      </Unit>
      <Unit filename="/home/oleg/projects/PGW_aggregation/ASN2/ManagementExtensions.h">
      </Unit>
      <Unit filename="/home/oleg/projects/PGW_aggregation/ASN2/MessageReference.h">
      </Unit>
      <Unit filename="/home/oleg/projects/PGW_aggregation/ASN2/NetworkInitiatedPDPContext.h">
      </Unit>
      <Unit filename="/home/oleg/projects/PGW_aggregation/ASN2/NodeID.h">
      </Unit>
      <Unit filename="/home/oleg/projects/PGW_aggregation/ASN2/NumberOfDPEncountered.h">
      </Unit>
      <Unit filename="/home/oleg/projects/PGW_aggregation/ASN2/PDPAddress.h">
      </Unit>
      <Unit filename="/home/oleg/projects/PGW_aggregation/ASN2/PDPAddressPrefixLength.h">
      </Unit>
      <Unit filename="/home/oleg/projects/PGW_aggregation/ASN2/PDPType.h">
      </Unit>
      <Unit filename="/home/oleg/projects/PGW_aggregation/ASN2/PGWRecord.h">
      </Unit>
      <Unit filename="/home/oleg/projects/PGW_aggregation/ASN2/PLMN-Id.h">
      </Unit>
      <Unit filename="/home/oleg/projects/PGW_aggregation/ASN2/PSFurnishChargingInformation.h">
      </Unit>
      <Unit filename="/home/oleg/projects/PGW_aggregation/ASN2/PositionMethodFailure-Diagnostic.h">
      </Unit>
      <Unit filename="/home/oleg/projects/PGW_aggregation/ASN2/PositioningData.h">
      </Unit>
      <Unit filename="/home/oleg/projects/PGW_aggregation/ASN2/QoSInformation.h">
      </Unit>
      <Unit filename="/home/oleg/projects/PGW_aggregation/ASN2/RAIdentity.h">
      </Unit>
      <Unit filename="/home/oleg/projects/PGW_aggregation/ASN2/RATType.h">
      </Unit>
      <Unit filename="/home/oleg/projects/PGW_aggregation/ASN2/RatingGroupId.h">
      </Unit>
      <Unit filename="/home/oleg/projects/PGW_aggregation/ASN2/RecordType.h">
      </Unit>
      <Unit filename="/home/oleg/projects/PGW_aggregation/ASN2/RecordingEntity.h">
      </Unit>
      <Unit filename="/home/oleg/projects/PGW_aggregation/ASN2/ResultCode.h">
      </Unit>
      <Unit filename="/home/oleg/projects/PGW_aggregation/ASN2/RoutingAreaCode.h">
      </Unit>
      <Unit filename="/home/oleg/projects/PGW_aggregation/ASN2/SCFAddress.h">
      </Unit>
      <Unit filename="/home/oleg/projects/PGW_aggregation/ASN2/SGSNChange.h">
      </Unit>
      <Unit filename="/home/oleg/projects/PGW_aggregation/ASN2/SGWChange.h">
      </Unit>
      <Unit filename="/home/oleg/projects/PGW_aggregation/ASN2/SMSResult.h">
      </Unit>
      <Unit filename="/home/oleg/projects/PGW_aggregation/ASN2/ServiceConditionChange.h">
      </Unit>
      <Unit filename="/home/oleg/projects/PGW_aggregation/ASN2/ServiceIdentifier.h">
      </Unit>
      <Unit filename="/home/oleg/projects/PGW_aggregation/ASN2/ServiceKey.h">
      </Unit>
      <Unit filename="/home/oleg/projects/PGW_aggregation/ASN2/ServiceSpecificInfo.h">
      </Unit>
      <Unit filename="/home/oleg/projects/PGW_aggregation/ASN2/ServingNodeType.h">
      </Unit>
      <Unit filename="/home/oleg/projects/PGW_aggregation/ASN2/SmsTpDestinationNumber.h">
      </Unit>
      <Unit filename="/home/oleg/projects/PGW_aggregation/ASN2/SubscriptionID.h">
      </Unit>
      <Unit filename="/home/oleg/projects/PGW_aggregation/ASN2/SubscriptionIDType.h">
      </Unit>
      <Unit filename="/home/oleg/projects/PGW_aggregation/ASN2/TBCD-STRING.h">
      </Unit>
      <Unit filename="/home/oleg/projects/PGW_aggregation/ASN2/TWANUserLocationInfo.h">
      </Unit>
      <Unit filename="/home/oleg/projects/PGW_aggregation/ASN2/TimeQuotaMechanism.h">
      </Unit>
      <Unit filename="/home/oleg/projects/PGW_aggregation/ASN2/TimeQuotaType.h">
      </Unit>
      <Unit filename="/home/oleg/projects/PGW_aggregation/ASN2/TimeStamp.h">
      </Unit>
      <Unit filename="/home/oleg/projects/PGW_aggregation/ASN2/UnauthorizedLCSClient-Diagnostic.h">
      </Unit>
      <Unit filename="/home/oleg/projects/PGW_aggregation/ASN2/UserCSGInformation.h">
      </Unit>
      <Unit filename="/home/oleg/projects/PGW_aggregation/ASN2/skeletons/ANY.h">
      </Unit>
      <Unit filename="/home/oleg/projects/PGW_aggregation/ASN2/skeletons/BIT_STRING.h">
      </Unit>
      <Unit filename="/home/oleg/projects/PGW_aggregation/ASN2/skeletons/BMPString.h">
      </Unit>
      <Unit filename="/home/oleg/projects/PGW_aggregation/ASN2/skeletons/BOOLEAN.h">
      </Unit>
      <Unit filename="/home/oleg/projects/PGW_aggregation/ASN2/skeletons/ENUMERATED.h">
      </Unit>
      <Unit filename="/home/oleg/projects/PGW_aggregation/ASN2/skeletons/GeneralString.h">
      </Unit>
      <Unit filename="/home/oleg/projects/PGW_aggregation/ASN2/skeletons/GeneralizedTime.h">
      </Unit>
      <Unit filename="/home/oleg/projects/PGW_aggregation/ASN2/skeletons/GraphicString.h">
      </Unit>
      <Unit filename="/home/oleg/projects/PGW_aggregation/ASN2/skeletons/IA5String.h">
      </Unit>
      <Unit filename="/home/oleg/projects/PGW_aggregation/ASN2/skeletons/INTEGER.h">
      </Unit>
      <Unit filename="/home/oleg/projects/PGW_aggregation/ASN2/skeletons/ISO646String.h">
      </Unit>
      <Unit filename="/home/oleg/projects/PGW_aggregation/ASN2/skeletons/NULL.h">
      </Unit>
      <Unit filename="/home/oleg/projects/PGW_aggregation/ASN2/skeletons/NativeEnumerated.h">
      </Unit>
      <Unit filename="/home/oleg/projects/PGW_aggregation/ASN2/skeletons/NativeInteger.h">
      </Unit>
      <Unit filename="/home/oleg/projects/PGW_aggregation/ASN2/skeletons/NativeReal.h">
      </Unit>
      <Unit filename="/home/oleg/projects/PGW_aggregation/ASN2/skeletons/NumericString.h">
      </Unit>
      <Unit filename="/home/oleg/projects/PGW_aggregation/ASN2/skeletons/OBJECT_IDENTIFIER.h">
      </Unit>
      <Unit filename="/home/oleg/projects/PGW_aggregation/ASN2/skeletons/OCTET_STRING.h">
      </Unit>
      <Unit filename="/home/oleg/projects/PGW_aggregation/ASN2/skeletons/ObjectDescriptor.h">
      </Unit>
      <Unit filename="/home/oleg/projects/PGW_aggregation/ASN2/skeletons/PrintableString.h">
      </Unit>
      <Unit filename="/home/oleg/projects/PGW_aggregation/ASN2/skeletons/REAL.h">
      </Unit>
      <Unit filename="/home/oleg/projects/PGW_aggregation/ASN2/skeletons/RELATIVE-OID.h">
      </Unit>
      <Unit filename="/home/oleg/projects/PGW_aggregation/ASN2/skeletons/T61String.h">
      </Unit>
      <Unit filename="/home/oleg/projects/PGW_aggregation/ASN2/skeletons/TeletexString.h">
      </Unit>
      <Unit filename="/home/oleg/projects/PGW_aggregation/ASN2/skeletons/UTCTime.h">
      </Unit>
      <Unit filename="/home/oleg/projects/PGW_aggregation/ASN2/skeletons/UTF8String.h">
      </Unit>
      <Unit filename="/home/oleg/projects/PGW_aggregation/ASN2/skeletons/UniversalString.h">
      </Unit>
      <Unit filename="/home/oleg/projects/PGW_aggregation/ASN2/skeletons/VideotexString.h">
      </Unit>
      <Unit filename="/home/oleg/projects/PGW_aggregation/ASN2/skeletons/VisibleString.h">
      </Unit>
      <Unit filename="/home/oleg/projects/PGW_aggregation/ASN2/skeletons/asn_SEQUENCE_OF.h">
      </Unit>
      <Unit filename="/home/oleg/projects/PGW_aggregation/ASN2/skeletons/asn_SET_OF.h">
      </Unit>
      <Unit filename="/home/oleg/projects/PGW_aggregation/ASN2/skeletons/asn_codecs_prim.h">
      </Unit>
      <Unit filename="/home/oleg/projects/PGW_aggregation/ASN2/skeletons/ber_decoder.h">
      </Unit>
      <Unit filename="/home/oleg/projects/PGW_aggregation/ASN2/skeletons/ber_tlv_length.h">
      </Unit>
      <Unit filename="/home/oleg/projects/PGW_aggregation/ASN2/skeletons/ber_tlv_tag.h">
      </Unit>
      <Unit filename="/home/oleg/projects/PGW_aggregation/ASN2/skeletons/constr_CHOICE.h">
      </Unit>
      <Unit filename="/home/oleg/projects/PGW_aggregation/ASN2/skeletons/constr_SEQUENCE.h">
      </Unit>
      <Unit filename="/home/oleg/projects/PGW_aggregation/ASN2/skeletons/constr_SEQUENCE_OF.h">
      </Unit>
      <Unit filename="/home/oleg/projects/PGW_aggregation/ASN2/skeletons/constr_SET.h">
      </Unit>
      <Unit filename="/home/oleg/projects/PGW_aggregation/ASN2/skeletons/constr_SET_OF.h">
      </Unit>
      <Unit filename="/home/oleg/projects/PGW_aggregation/ASN2/skeletons/constr_TYPE.h">
      </Unit>
      <Unit filename="/home/oleg/projects/PGW_aggregation/ASN2/skeletons/constraints.h">
      </Unit>
      <Unit filename="/home/oleg/projects/PGW_aggregation/ASN2/skeletons/der_encoder.h">
      </Unit>
      <Unit filename="/home/oleg/projects/PGW_aggregation/ASN2/skeletons/per_decoder.h">
      </Unit>
      <Unit filename="/home/oleg/projects/PGW_aggregation/ASN2/skeletons/per_encoder.h">
      </Unit>
      <Unit filename="/home/oleg/projects/PGW_aggregation/ASN2/skeletons/per_opentype.h">
      </Unit>
      <Unit filename="/home/oleg/projects/PGW_aggregation/ASN2/skeletons/per_support.h">
      </Unit>
      <Unit filename="/home/oleg/projects/PGW_aggregation/ASN2/skeletons/xer_decoder.h">
      </Unit>
      <Unit filename="/home/oleg/projects/PGW_aggregation/ASN2/skeletons/xer_encoder.h">
      </Unit>
      <Unit filename="/home/oleg/projects/PGW_aggregation/ASN2/skeletons/xer_support.h">
      </Unit>
      <Unit filename="/home/oleg/projects/PGW_aggregation/CDRParser/CDRParser/CMakeLists.txt">
          <Option virtualFolder="CMake Files\" />
      </Unit>
   </Project>
</CodeBlocks_project_file>
